
Microsoft Visual Studio Solution File, Format Version 12.00
# Visual Studio Version 16
VisualStudioVersion = 16.0.29905.134
MinimumVisualStudioVersion = 10.0.40219.1
Project("{FAE04EC0-301F-11D3-BF4B-00C04F79EFBC}") = "RashidCore.BookStore", "RashidCore.BookStore\RashidCore.BookStore.csproj", "{67621D79-EB90-4239-8EA1-C2C4C8031904}"
EndProject
Global
	GlobalSection(SolutionConfigurationPlatforms) = preSolution
		Debug|Any CPU = Debug|Any CPU
		Release|Any CPU = Release|Any CPU
	EndGlobalSection
	GlobalSection(ProjectConfigurationPlatforms) = postSolution
		{67621D79-EB90-4239-8EA1-C2C4C8031904}.Debug|Any CPU.ActiveCfg = Debug|Any CPU
		{67621D79-EB90-4239-8EA1-C2C4C8031904}.Debug|Any CPU.Build.0 = Debug|Any CPU
		{67621D79-EB90-4239-8EA1-C2C4C8031904}.Release|Any CPU.ActiveCfg = Release|Any CPU
		{67621D79-EB90-4239-8EA1-C2C4C8031904}.Release|Any CPU.Build.0 = Release|Any CPU
	EndGlobalSection
	GlobalSection(SolutionProperties) = preSolution
		HideSolutionNode = FALSE
	EndGlobalSection
	GlobalSection(ExtensibilityGlobals) = postSolution
		SolutionGuid = {92E15F2F-0DBB-4B6B-A109-C4BE18D91739}
	EndGlobalSection
EndGlobal
